
Microsoft Visual Studio Solution File, Format Version 12.00
# Visual Studio Version 16
VisualStudioVersion = 16.0.28803.352
MinimumVisualStudioVersion = 10.0.40219.1
Project("{9A19103F-16F7-4668-BE54-9A1E7A4F7556}") = "WebUI", "Web\WebUI.csproj", "{BCBE5EA9-CD7E-4D66-96CD-DB2185BEE276}"
EndProject
Project("{9A19103F-16F7-4668-BE54-9A1E7A4F7556}") = "Persistence", "Data\Persistence.csproj", "{87D2A331-5569-41E3-A105-34328B5FE8F1}"
EndProject
Project("{9A19103F-16F7-4668-BE54-9A1E7A4F7556}") = "Domain", "Domain\Domain.csproj", "{569147E0-A577-4786-A00E-44A44064B37D}"
EndProject
Project("{9A19103F-16F7-4668-BE54-9A1E7A4F7556}") = "Application", "Application\Application.csproj", "{DA4C8CC3-E7ED-4846-A99F-6F074103F008}"
EndProject
Project("{2150E333-8FDC-42A3-9474-1A3956D46DE8}") = "Core", "Core", "{7D28676F-B2EA-4E4F-AC0C-48524F9D3840}"
EndProject
Project("{2150E333-8FDC-42A3-9474-1A3956D46DE8}") = "Infrastructure", "Infrastructure", "{85154EDB-9389-49C1-8C0C-28D9954F4A88}"
EndProject
Project("{2150E333-8FDC-42A3-9474-1A3956D46DE8}") = "Presentation", "Presentation", "{E07E1542-5713-4800-9A94-B58B4781A950}"
EndProject
Project("{2150E333-8FDC-42A3-9474-1A3956D46DE8}") = "Tests", "Tests", "{E7888938-7C71-4C06-B747-4BE7B26A38C9}"
EndProject
Project("{9A19103F-16F7-4668-BE54-9A1E7A4F7556}") = "BankAppTests", "BankAppTests\BankAppTests.csproj", "{FF7BAE21-E0B0-4F1E-B33F-B846F61D5488}"
EndProject
Project("{9A19103F-16F7-4668-BE54-9A1E7A4F7556}") = "MSBankAppTests", "MSBankAppTests\MSBankAppTests.csproj", "{8B493AE1-FF3E-4003-BB5C-38D014665E22}"
EndProject
Project("{FAE04EC0-301F-11D3-BF4B-00C04F79EFBC}") = "API", "WebApplication1\API.csproj", "{F3C93384-807B-4B7E-ADA1-55D3068BF73E}"
EndProject
Global
	GlobalSection(SolutionConfigurationPlatforms) = preSolution
		Debug|Any CPU = Debug|Any CPU
		Release|Any CPU = Release|Any CPU
	EndGlobalSection
	GlobalSection(ProjectConfigurationPlatforms) = postSolution
		{BCBE5EA9-CD7E-4D66-96CD-DB2185BEE276}.Debug|Any CPU.ActiveCfg = Debug|Any CPU
		{BCBE5EA9-CD7E-4D66-96CD-DB2185BEE276}.Debug|Any CPU.Build.0 = Debug|Any CPU
		{BCBE5EA9-CD7E-4D66-96CD-DB2185BEE276}.Release|Any CPU.ActiveCfg = Release|Any CPU
		{BCBE5EA9-CD7E-4D66-96CD-DB2185BEE276}.Release|Any CPU.Build.0 = Release|Any CPU
		{87D2A331-5569-41E3-A105-34328B5FE8F1}.Debug|Any CPU.ActiveCfg = Debug|Any CPU
		{87D2A331-5569-41E3-A105-34328B5FE8F1}.Debug|Any CPU.Build.0 = Debug|Any CPU
		{87D2A331-5569-41E3-A105-34328B5FE8F1}.Release|Any CPU.ActiveCfg = Release|Any CPU
		{87D2A331-5569-41E3-A105-34328B5FE8F1}.Release|Any CPU.Build.0 = Release|Any CPU
		{569147E0-A577-4786-A00E-44A44064B37D}.Debug|Any CPU.ActiveCfg = Debug|Any CPU
		{569147E0-A577-4786-A00E-44A44064B37D}.Debug|Any CPU.Build.0 = Debug|Any CPU
		{569147E0-A577-4786-A00E-44A44064B37D}.Release|Any CPU.ActiveCfg = Release|Any CPU
		{569147E0-A577-4786-A00E-44A44064B37D}.Release|Any CPU.Build.0 = Release|Any CPU
		{DA4C8CC3-E7ED-4846-A99F-6F074103F008}.Debug|Any CPU.ActiveCfg = Debug|Any CPU
		{DA4C8CC3-E7ED-4846-A99F-6F074103F008}.Debug|Any CPU.Build.0 = Debug|Any CPU
		{DA4C8CC3-E7ED-4846-A99F-6F074103F008}.Release|Any CPU.ActiveCfg = Release|Any CPU
		{DA4C8CC3-E7ED-4846-A99F-6F074103F008}.Release|Any CPU.Build.0 = Release|Any CPU
		{FF7BAE21-E0B0-4F1E-B33F-B846F61D5488}.Debug|Any CPU.ActiveCfg = Debug|Any CPU
		{FF7BAE21-E0B0-4F1E-B33F-B846F61D5488}.Debug|Any CPU.Build.0 = Debug|Any CPU
		{FF7BAE21-E0B0-4F1E-B33F-B846F61D5488}.Release|Any CPU.ActiveCfg = Release|Any CPU
		{FF7BAE21-E0B0-4F1E-B33F-B846F61D5488}.Release|Any CPU.Build.0 = Release|Any CPU
		{8B493AE1-FF3E-4003-BB5C-38D014665E22}.Debug|Any CPU.ActiveCfg = Debug|Any CPU
		{8B493AE1-FF3E-4003-BB5C-38D014665E22}.Debug|Any CPU.Build.0 = Debug|Any CPU
		{8B493AE1-FF3E-4003-BB5C-38D014665E22}.Release|Any CPU.ActiveCfg = Release|Any CPU
		{8B493AE1-FF3E-4003-BB5C-38D014665E22}.Release|Any CPU.Build.0 = Release|Any CPU
		{F3C93384-807B-4B7E-ADA1-55D3068BF73E}.Debug|Any CPU.ActiveCfg = Debug|Any CPU
		{F3C93384-807B-4B7E-ADA1-55D3068BF73E}.Debug|Any CPU.Build.0 = Debug|Any CPU
		{F3C93384-807B-4B7E-ADA1-55D3068BF73E}.Release|Any CPU.ActiveCfg = Release|Any CPU
		{F3C93384-807B-4B7E-ADA1-55D3068BF73E}.Release|Any CPU.Build.0 = Release|Any CPU
	EndGlobalSection
	GlobalSection(SolutionProperties) = preSolution
		HideSolutionNode = FALSE
	EndGlobalSection
	GlobalSection(NestedProjects) = preSolution
		{BCBE5EA9-CD7E-4D66-96CD-DB2185BEE276} = {E07E1542-5713-4800-9A94-B58B4781A950}
		{87D2A331-5569-41E3-A105-34328B5FE8F1} = {85154EDB-9389-49C1-8C0C-28D9954F4A88}
		{569147E0-A577-4786-A00E-44A44064B37D} = {7D28676F-B2EA-4E4F-AC0C-48524F9D3840}
		{DA4C8CC3-E7ED-4846-A99F-6F074103F008} = {7D28676F-B2EA-4E4F-AC0C-48524F9D3840}
		{FF7BAE21-E0B0-4F1E-B33F-B846F61D5488} = {E7888938-7C71-4C06-B747-4BE7B26A38C9}
		{8B493AE1-FF3E-4003-BB5C-38D014665E22} = {E7888938-7C71-4C06-B747-4BE7B26A38C9}
		{F3C93384-807B-4B7E-ADA1-55D3068BF73E} = {85154EDB-9389-49C1-8C0C-28D9954F4A88}
	EndGlobalSection
	GlobalSection(ExtensibilityGlobals) = postSolution
		SolutionGuid = {8B42BD96-FF27-4AC9-B52F-F843B6EDF750}
	EndGlobalSection
EndGlobal
